
Microsoft Visual Studio Solution File, Format Version 12.00
# Visual Studio Version 17
VisualStudioVersion = 17.10.34916.146
MinimumVisualStudioVersion = 10.0.40219.1
Project("{FAE04EC0-301F-11D3-BF4B-00C04F79EFBC}") = "TFLFullStackSolution.Server", "TFLFullStackSolution.Server\TFLFullStackSolution.Server.csproj", "{3040DABB-E7D0-4EA5-93B0-E0DDAC9FBA48}"
EndProject
Project("{54A90642-561A-4BB1-A94E-469ADEE60C69}") = "tflfullstacksolution.client", "tflfullstacksolution.client\tflfullstacksolution.client.esproj", "{19E6F339-1DE6-4F87-9FEC-83AE651D6C89}"
EndProject
Global
	GlobalSection(SolutionConfigurationPlatforms) = preSolution
		Debug|Any CPU = Debug|Any CPU
		Release|Any CPU = Release|Any CPU
	EndGlobalSection
	GlobalSection(ProjectConfigurationPlatforms) = postSolution
		{3040DABB-E7D0-4EA5-93B0-E0DDAC9FBA48}.Debug|Any CPU.ActiveCfg = Debug|Any CPU
		{3040DABB-E7D0-4EA5-93B0-E0DDAC9FBA48}.Debug|Any CPU.Build.0 = Debug|Any CPU
		{3040DABB-E7D0-4EA5-93B0-E0DDAC9FBA48}.Release|Any CPU.ActiveCfg = Release|Any CPU
		{3040DABB-E7D0-4EA5-93B0-E0DDAC9FBA48}.Release|Any CPU.Build.0 = Release|Any CPU
		{19E6F339-1DE6-4F87-9FEC-83AE651D6C89}.Debug|Any CPU.ActiveCfg = Debug|Any CPU
		{19E6F339-1DE6-4F87-9FEC-83AE651D6C89}.Debug|Any CPU.Build.0 = Debug|Any CPU
		{19E6F339-1DE6-4F87-9FEC-83AE651D6C89}.Debug|Any CPU.Deploy.0 = Debug|Any CPU
		{19E6F339-1DE6-4F87-9FEC-83AE651D6C89}.Release|Any CPU.ActiveCfg = Release|Any CPU
		{19E6F339-1DE6-4F87-9FEC-83AE651D6C89}.Release|Any CPU.Build.0 = Release|Any CPU
		{19E6F339-1DE6-4F87-9FEC-83AE651D6C89}.Release|Any CPU.Deploy.0 = Release|Any CPU
	EndGlobalSection
	GlobalSection(SolutionProperties) = preSolution
		HideSolutionNode = FALSE
	EndGlobalSection
	GlobalSection(ExtensibilityGlobals) = postSolution
		SolutionGuid = {31AE1AB9-7764-46C7-9422-83CDAF78E813}
	EndGlobalSection
EndGlobal
