
Microsoft Visual Studio Solution File, Format Version 12.00
# Visual Studio Version 17
VisualStudioVersion = 17.9.34728.123
MinimumVisualStudioVersion = 10.0.40219.1
Project("{FAE04EC0-301F-11D3-BF4B-00C04F79EFBC}") = "MinimalAPI", "MinimalAPI\MinimalAPI.csproj", "{3A212536-5765-448E-83AC-E19FE12149AA}"
EndProject
Global
	GlobalSection(SolutionConfigurationPlatforms) = preSolution
		Debug|Any CPU = Debug|Any CPU
		Release|Any CPU = Release|Any CPU
	EndGlobalSection
	GlobalSection(ProjectConfigurationPlatforms) = postSolution
		{3A212536-5765-448E-83AC-E19FE12149AA}.Debug|Any CPU.ActiveCfg = Debug|Any CPU
		{3A212536-5765-448E-83AC-E19FE12149AA}.Debug|Any CPU.Build.0 = Debug|Any CPU
		{3A212536-5765-448E-83AC-E19FE12149AA}.Release|Any CPU.ActiveCfg = Release|Any CPU
		{3A212536-5765-448E-83AC-E19FE12149AA}.Release|Any CPU.Build.0 = Release|Any CPU
	EndGlobalSection
	GlobalSection(SolutionProperties) = preSolution
		HideSolutionNode = FALSE
	EndGlobalSection
	GlobalSection(ExtensibilityGlobals) = postSolution
		SolutionGuid = {05DBC5C4-A9D4-43AA-B1F3-4FF5AB84C838}
	EndGlobalSection
EndGlobal
